<?xml version="1.0" encoding="utf-8"?>
<Project ToolsVersion="4.0" xmlns="http://schemas.microsoft.com/developer/msbuild/2003">
  <ItemGroup>
    <Filter Include="algorithm">
      <UniqueIdentifier>{93995380-89BD-4b04-88EB-625FBE52EBFB}</UniqueIdentifier>
      <Extensions>h;hh;hpp;hxx;hm;inl;inc;ipp;xsd</Extensions>
    </Filter>
    <Filter Include="algorithm\head">
      <UniqueIdentifier>{a7827965-0a88-4908-a624-d335da57948a}</UniqueIdentifier>
    </Filter>
    <Filter Include="algorithm\source">
      <UniqueIdentifier>{f85e89b9-911e-42c6-a4bd-28c92be0d1aa}</UniqueIdentifier>
    </Filter>
    <Filter Include="Lib">
      <UniqueIdentifier>{33930911-8e32-4196-9886-573ce4c4033f}</UniqueIdentifier>
    </Filter>
    <Filter Include="data">
      <UniqueIdentifier>{a41fab37-a09f-47f7-88de-5c772bc7aa4e}</UniqueIdentifier>
    </Filter>
    <Filter Include="utils">
      <UniqueIdentifier>{7003ed4d-adef-4113-923e-f083b6bb9cf1}</UniqueIdentifier>
    </Filter>
    <Filter Include="data\head">
      <UniqueIdentifier>{a5e74280-0217-4019-90f8-2e4a3c0e98fd}</UniqueIdentifier>
    </Filter>
    <Filter Include="data\source">
      <UniqueIdentifier>{36b97fd8-6e90-4af1-aca2-31cee1c2a434}</UniqueIdentifier>
    </Filter>
    <Filter Include="Lib\clipper">
      <UniqueIdentifier>{7be34e10-15d5-4f11-afda-75994c553846}</UniqueIdentifier>
    </Filter>
  </ItemGroup>
  <ItemGroup>
    <ClCompile Include="algorithm\problem.cpp">
      <Filter>algorithm\source</Filter>
    </ClCompile>
    <ClCompile Include="algorithm\solver.cpp">
      <Filter>algorithm\source</Filter>
    </ClCompile>
    <ClCompile Include="main.cpp" />
    <ClCompile Include="data\nfpPair.cpp">
      <Filter>data\source</Filter>
    </ClCompile>
    <ClCompile Include="data\piece.cpp">
      <Filter>data\source</Filter>
    </ClCompile>
    <ClCompile Include="..\Lib\clipper\clipper.cpp">
      <Filter>Lib\clipper</Filter>
    </ClCompile>
  </ItemGroup>
  <ItemGroup>
    <ClInclude Include="algorithm\problem.h">
      <Filter>algorithm\head</Filter>
    </ClInclude>
    <ClInclude Include="algorithm\solver.h">
      <Filter>algorithm\head</Filter>
    </ClInclude>
    <ClInclude Include="utils\boostUtils.hpp">
      <Filter>utils</Filter>
    </ClInclude>
    <ClInclude Include="Common.h" />
    <ClInclude Include="Config.h" />
    <ClInclude Include="..\Lib\libnfporb.hpp">
      <Filter>Lib</Filter>
    </ClInclude>
    <ClInclude Include="utils\myUtils.hpp">
      <Filter>utils</Filter>
    </ClInclude>
    <ClInclude Include="data\nfpPair.h">
      <Filter>data\head</Filter>
    </ClInclude>
    <ClInclude Include="data\piece.h">
      <Filter>data\head</Filter>
    </ClInclude>
    <ClInclude Include="data\vector.hpp">
      <Filter>data\head</Filter>
    </ClInclude>
    <ClInclude Include="utils\clipperUtils.hpp">
      <Filter>utils</Filter>
    </ClInclude>
    <ClInclude Include="..\Lib\clipper\clipper.hpp">
      <Filter>Lib\clipper</Filter>
    </ClInclude>
  </ItemGroup>
</Project>